dependencies:
  espressif/ble_ota:
    component_hash: 059214dda94d03d4378201a773124f8efbad17c70b506ff4fbc30d2656e74616
    dependencies:
    - name: espressif/cmake_utilities
      registry_url: https://components.espressif.com
      require: private
      version: 0.*
    - name: espressif/esp_encrypted_img
      registry_url: https://components.espressif.com
      require: private
      version: ^2.0.1
    - name: idf
      require: private
      version: '>=4.4'
    source:
      registry_url: https://components.espressif.com/
      type: service
    targets:
    - esp32
    - esp32c3
    - esp32h2
    - esp32s3
    - esp32c2
    - esp32c6
    version: 0.1.14
  espressif/cmake_utilities:
    component_hash: 351350613ceafba240b761b4ea991e0f231ac7a9f59a9ee901f751bddc0bb18f
    dependencies:
    - name: idf
      require: private
      version: '>=4.1'
    source:
      registry_url: https://components.espressif.com
      type: service
    version: 0.5.3
  espressif/esp_encrypted_img:
    component_hash: e5a065c140fbc6a69a1de4fa1731b7596cc34a4a50b57913b2dc34c9ad3a0a70
    dependencies:
    - name: idf
      require: private
      version: '>=4.4'
    source:
      registry_url: https://components.espressif.com
      type: service
    version: 2.3.0
  espressif/led_strip:
    component_hash: f907c58f722c58ab8545366668cfd8769cefb7d97a631a14e9d16234cc72bdff
    dependencies:
    - name: idf
      require: private
      version: '>=5.0'
    source:
      registry_url: https://components.espressif.com/
      type: service
    version: 3.0.0
  idf:
    source:
      type: idf
    version: 5.4.0
  mauriciobarroso/button:
    component_hash: e2e1e2e58e4ee1c3cca77a7867769b15f874477beaf3ea438c260f0c7c7f6ce7
    dependencies: []
    source:
      git: https://github.com/mauriciobarroso/button
      path: .
      type: git
    version: 67b5eac256410c8e07b4d90b44a5d057d288ab8f
direct_dependencies:
- espressif/ble_ota
- espressif/led_strip
- idf
- mauriciobarroso/button
manifest_hash: 600606b1da4f320407ec2ccf272bb670b57894f0eb3ff992fd976ee32920f3be
target: esp32h2
version: 2.0.0
